// !$*UTF8*$!
{
	archiveVersion = 1;
	classes = {
	};
	objectVersion = 77;
	objects = {

/* Begin PBXBuildFile section */
		0055BBA2D822524FEE307619 /* UpgradeView.swift in Sources */ = {isa = PBXBuildFile; fileRef = 15640B31CEB9BED2587649CC /* UpgradeView.swift */; };
		0082A1FF38AA79C1E8336177 /* RevenueCatService.swift in Sources */ = {isa = PBXBuildFile; fileRef = B3257A303134CF2EC5A31062 /* RevenueCatService.swift */; };
		025F53A9C1CCDFD9A1C511A6 /* Haptics.swift in Sources */ = {isa = PBXBuildFile; fileRef = 72DA141825B6B94360388C52 /* Haptics.swift */; };
		1F61FD5E8B42FBBC771F1B25 /* AIClient.swift in Sources */ = {isa = PBXBuildFile; fileRef = B34B265B6D81E9B3E975B224 /* AIClient.swift */; };
		20237D324A0E5E249EC8A371 /* SettingsView.swift in Sources */ = {isa = PBXBuildFile; fileRef = 64FF0B5BD7B0CFA5EF08B047 /* SettingsView.swift */; };
		27397A0CD17CD3922CFFEFC3 /* CurrencyRateService.swift in Sources */ = {isa = PBXBuildFile; fileRef = 9525386491FBCF3387A90A9D /* CurrencyRateService.swift */; };
		2761EC95D99510AF4EA04125 /* Constants.swift in Sources */ = {isa = PBXBuildFile; fileRef = 84F8483B4ED4E38A5DC8A45C /* Constants.swift */; };
		2F9162D029730323AABA92BD /* PrivacyInfo.xcprivacy in Resources */ = {isa = PBXBuildFile; fileRef = D6DC89B9C21AECCB94EA0293 /* PrivacyInfo.xcprivacy */; };
		2F939228A67F29926FC0EC03 /* AIFeaturesView.swift in Sources */ = {isa = PBXBuildFile; fileRef = 660A1E220DF589A2F0FF67BB /* AIFeaturesView.swift */; };
		3147464D202E5BAB22E8B4B8 /* Transaction.swift in Sources */ = {isa = PBXBuildFile; fileRef = 4C49C21114539AB69086B0F9 /* Transaction.swift */; };
		363F071608E8597F8A701C09 /* ContentView.swift in Sources */ = {isa = PBXBuildFile; fileRef = 566CF0A5A7FE8D2E1842134B /* ContentView.swift */; };
		38D3E13F6E77C3A423BBF39F /* Date+Extensions.swift in Sources */ = {isa = PBXBuildFile; fileRef = C9D38EF4AC5CE644AB876126 /* Date+Extensions.swift */; };
		487E9CD67969CC8179B2EDCB /* User.swift in Sources */ = {isa = PBXBuildFile; fileRef = 4DF1C5F9F7A742851998F703 /* User.swift */; };
		503C14CA524A1A9378E0F3FE /* SubscriptionDetectionService.swift in Sources */ = {isa = PBXBuildFile; fileRef = 5F9CF625E511C5572490F9B5 /* SubscriptionDetectionService.swift */; };
		555863FA7B9EA6FEEFB5FA12 /* TransactionListView.swift in Sources */ = {isa = PBXBuildFile; fileRef = 0F4FB5774B005ED3081E903C /* TransactionListView.swift */; };
		558E7870939AD54BE8E8A7C1 /* LocalizationStrings.swift in Sources */ = {isa = PBXBuildFile; fileRef = 04F4D9BEC09CE60EC1223EFB /* LocalizationStrings.swift */; };
		65531912C6F3624F39173543 /* BudgetHealthView.swift in Sources */ = {isa = PBXBuildFile; fileRef = B6F07EFE6D55F90153664A09 /* BudgetHealthView.swift */; };
		697D4FFDF1D5FE279091FFA3 /* TransactionRow.swift in Sources */ = {isa = PBXBuildFile; fileRef = 969801203086A048C347267A /* TransactionRow.swift */; };
		6DCBDCCC06FD40E5A728E727 /* ProStatusService.swift in Sources */ = {isa = PBXBuildFile; fileRef = 34215650525724D28CE8BBA7 /* ProStatusService.swift */; };
		70CCE2F9BC117D2C465D8CE0 /* AppViewModel.swift in Sources */ = {isa = PBXBuildFile; fileRef = 6A2253C8D6DA5E87198BE6D8 /* AppViewModel.swift */; };
		719111C65F037A85FED05F01 /* GoalsView.swift in Sources */ = {isa = PBXBuildFile; fileRef = 36EBBBD1AC8B7A85E991741B /* GoalsView.swift */; };
		7AC278F62DE42EF4E6C1A251 /* View+Keyboard.swift in Sources */ = {isa = PBXBuildFile; fileRef = F4758E7FF57525FD56B1BCF9 /* View+Keyboard.swift */; };
		7BA153A8B9C8CC22D4622981 /* RecentActivityList.swift in Sources */ = {isa = PBXBuildFile; fileRef = 705647693161AF20463AFB88 /* RecentActivityList.swift */; };
		84EC9A3EADFEB7466F7F44CA /* PennyletApp.swift in Sources */ = {isa = PBXBuildFile; fileRef = FBF19627953BC597BA8092BA /* PennyletApp.swift */; };
		92E34A979A482432C71D055E /* View+Extensions.swift in Sources */ = {isa = PBXBuildFile; fileRef = 86D4C0CB2A6CEB315F1D4658 /* View+Extensions.swift */; };
		983CB5B52733A9A598F552B8 /* Budget.swift in Sources */ = {isa = PBXBuildFile; fileRef = E336EB0BE5D17A713AF9E5D9 /* Budget.swift */; };
		9BABB5A7AC520B898A8BF41F /* SpendCalculator.swift in Sources */ = {isa = PBXBuildFile; fileRef = 519A76F9C474BE6038D2D9D1 /* SpendCalculator.swift */; };
		9E6B619D3BC0E0668F038753 /* WelcomeView.swift in Sources */ = {isa = PBXBuildFile; fileRef = 43AC1C285DDC5EE2852FCBF5 /* WelcomeView.swift */; };
		A68ED42B426ED835D73C6962 /* AnalysisHistory.swift in Sources */ = {isa = PBXBuildFile; fileRef = AAE1B455025592EA6EE8BD75 /* AnalysisHistory.swift */; };
		AA1B9469DE19AC364385676C /* SpendSummary.swift in Sources */ = {isa = PBXBuildFile; fileRef = 8B0E796CACE05DCCFA50FABA /* SpendSummary.swift */; };
		AA37D72313CF5B8E3EBB0BBD /* DashboardView.swift in Sources */ = {isa = PBXBuildFile; fileRef = E2A80488AAD0F18C9817A0A6 /* DashboardView.swift */; };
		AD4DF0E666E996F549A4F8A9 /* Category.swift in Sources */ = {isa = PBXBuildFile; fileRef = EA966F318AAE85F5DCC7621C /* Category.swift */; };
		AFEB1F5EFEEE79FEA54905C8 /* SubscriptionTrackerView.swift in Sources */ = {isa = PBXBuildFile; fileRef = 0A916B4FC7267F470B396EF5 /* SubscriptionTrackerView.swift */; };
		B492C21F4FD322BEFE20FB71 /* TopCategoriesList.swift in Sources */ = {isa = PBXBuildFile; fileRef = C34E1626DE941F2830A7D3DD /* TopCategoriesList.swift */; };
		B9EA440A0F0A3F790C2B4F4D /* SpendHeroCard.swift in Sources */ = {isa = PBXBuildFile; fileRef = 3D7FB8D23C647822204D9527 /* SpendHeroCard.swift */; };
		BD9B8DA900708455030F2E11 /* CacheService.swift in Sources */ = {isa = PBXBuildFile; fileRef = 2B2E400CB4C0E9F325588E4E /* CacheService.swift */; };
		BF500E0803E3983AF9DAE6C1 /* CurrencyFormatter.swift in Sources */ = {isa = PBXBuildFile; fileRef = FD66FAFBC4684E9997BFED0B /* CurrencyFormatter.swift */; };
		C098D22F2611719900FBA42D /* Goal.swift in Sources */ = {isa = PBXBuildFile; fileRef = CF53E2675A3190D83E98945B /* Goal.swift */; };
		C0A5F8544AD55A0EC14D246B /* AnimationPresets.swift in Sources */ = {isa = PBXBuildFile; fileRef = 5C9EEF2922AD93BA5E58677F /* AnimationPresets.swift */; };
		C93C47C735FEAC322A8E00BE /* Assets.xcassets in Resources */ = {isa = PBXBuildFile; fileRef = 586F930A0304A1E1A8498ADC /* Assets.xcassets */; };
		D112193655A8D5B32CE609F5 /* GuestUpgradeModal.swift in Sources */ = {isa = PBXBuildFile; fileRef = 0E5AA8E7FABAA15D5DB332F1 /* GuestUpgradeModal.swift */; };
		D3F117B1211DA95930663CA5 /* AddTransactionView.swift in Sources */ = {isa = PBXBuildFile; fileRef = B9177EFC3EEDA7F3366F2BFD /* AddTransactionView.swift */; };
		DA4F92C1771B53F436DE2D8D /* SkeletonView.swift in Sources */ = {isa = PBXBuildFile; fileRef = 0CDE4FAB5D1FCB0B4B8B886C /* SkeletonView.swift */; };
		DF6D897ECC56200FA3960B5F /* NotificationService.swift in Sources */ = {isa = PBXBuildFile; fileRef = 1CC147A204E163652C655235 /* NotificationService.swift */; };
		E9DF96C43A041A89F62D9CFC /* InfoPlist.strings in Resources */ = {isa = PBXBuildFile; fileRef = 6C4C5DBBD8509E4B0921392B /* InfoPlist.strings */; };
		F34F65545B0A8D5B563D101B /* ReceiptScannerView.swift in Sources */ = {isa = PBXBuildFile; fileRef = 1F68634165F8A77FBA668FC2 /* ReceiptScannerView.swift */; };
		F9803930BFAAAB6676062D0F /* QuickStatsRow.swift in Sources */ = {isa = PBXBuildFile; fileRef = C5D3F6D3BB5A5B8902E9F60F /* QuickStatsRow.swift */; };
		FADBCE73BC1C6636ED27A7C3 /* Theme.swift in Sources */ = {isa = PBXBuildFile; fileRef = B6C9B0FEFCAC4E1FD8664274 /* Theme.swift */; };
		FFAE6906F2BCBB33AD0ED806 /* AnyCodable.swift in Sources */ = {isa = PBXBuildFile; fileRef = 28AFAE30887C45023D20A780 /* AnyCodable.swift */; };
/* End PBXBuildFile section */

/* Begin PBXFileReference section */
		04F4D9BEC09CE60EC1223EFB /* LocalizationStrings.swift */ = {isa = PBXFileReference; lastKnownFileType = sourcecode.swift; path = LocalizationStrings.swift; sourceTree = "<group>"; };
		0A916B4FC7267F470B396EF5 /* SubscriptionTrackerView.swift */ = {isa = PBXFileReference; lastKnownFileType = sourcecode.swift; path = SubscriptionTrackerView.swift; sourceTree = "<group>"; };
		0CDE4FAB5D1FCB0B4B8B886C /* SkeletonView.swift */ = {isa = PBXFileReference; lastKnownFileType = sourcecode.swift; path = SkeletonView.swift; sourceTree = "<group>"; };
		0E5AA8E7FABAA15D5DB332F1 /* GuestUpgradeModal.swift */ = {isa = PBXFileReference; lastKnownFileType = sourcecode.swift; path = GuestUpgradeModal.swift; sourceTree = "<group>"; };
		0F4FB5774B005ED3081E903C /* TransactionListView.swift */ = {isa = PBXFileReference; lastKnownFileType = sourcecode.swift; path = TransactionListView.swift; sourceTree = "<group>"; };
		15640B31CEB9BED2587649CC /* UpgradeView.swift */ = {isa = PBXFileReference; lastKnownFileType = sourcecode.swift; path = UpgradeView.swift; sourceTree = "<group>"; };
		19D75FD6BCAE8E48EF4DFEA7 /* zh-Hans */ = {isa = PBXFileReference; lastKnownFileType = text.plist.strings; name = "zh-Hans"; path = "zh-Hans.lproj/InfoPlist.strings"; sourceTree = "<group>"; };
		1CC147A204E163652C655235 /* NotificationService.swift */ = {isa = PBXFileReference; lastKnownFileType = sourcecode.swift; path = NotificationService.swift; sourceTree = "<group>"; };
		1F68634165F8A77FBA668FC2 /* ReceiptScannerView.swift */ = {isa = PBXFileReference; lastKnownFileType = sourcecode.swift; path = ReceiptScannerView.swift; sourceTree = "<group>"; };
		28AFAE30887C45023D20A780 /* AnyCodable.swift */ = {isa = PBXFileReference; lastKnownFileType = sourcecode.swift; path = AnyCodable.swift; sourceTree = "<group>"; };
		2B2E400CB4C0E9F325588E4E /* CacheService.swift */ = {isa = PBXFileReference; lastKnownFileType = sourcecode.swift; path = CacheService.swift; sourceTree = "<group>"; };
		34215650525724D28CE8BBA7 /* ProStatusService.swift */ = {isa = PBXFileReference; lastKnownFileType = sourcecode.swift; path = ProStatusService.swift; sourceTree = "<group>"; };
		36EBBBD1AC8B7A85E991741B /* GoalsView.swift */ = {isa = PBXFileReference; lastKnownFileType = sourcecode.swift; path = GoalsView.swift; sourceTree = "<group>"; };
		3C022DD3CB4F01BC7B7393A7 /* Pennylet.app */ = {isa = PBXFileReference; includeInIndex = 0; lastKnownFileType = wrapper.application; path = Pennylet.app; sourceTree = BUILT_PRODUCTS_DIR; };
		3D7FB8D23C647822204D9527 /* SpendHeroCard.swift */ = {isa = PBXFileReference; lastKnownFileType = sourcecode.swift; path = SpendHeroCard.swift; sourceTree = "<group>"; };
		43AC1C285DDC5EE2852FCBF5 /* WelcomeView.swift */ = {isa = PBXFileReference; lastKnownFileType = sourcecode.swift; path = WelcomeView.swift; sourceTree = "<group>"; };
		4C49C21114539AB69086B0F9 /* Transaction.swift */ = {isa = PBXFileReference; lastKnownFileType = sourcecode.swift; path = Transaction.swift; sourceTree = "<group>"; };
		4DF1C5F9F7A742851998F703 /* User.swift */ = {isa = PBXFileReference; lastKnownFileType = sourcecode.swift; path = User.swift; sourceTree = "<group>"; };
		519A76F9C474BE6038D2D9D1 /* SpendCalculator.swift */ = {isa = PBXFileReference; lastKnownFileType = sourcecode.swift; path = SpendCalculator.swift; sourceTree = "<group>"; };
		566CF0A5A7FE8D2E1842134B /* ContentView.swift */ = {isa = PBXFileReference; lastKnownFileType = sourcecode.swift; path = ContentView.swift; sourceTree = "<group>"; };
		586F930A0304A1E1A8498ADC /* Assets.xcassets */ = {isa = PBXFileReference; lastKnownFileType = folder.assetcatalog; path = Assets.xcassets; sourceTree = "<group>"; };
		5C9EEF2922AD93BA5E58677F /* AnimationPresets.swift */ = {isa = PBXFileReference; lastKnownFileType = sourcecode.swift; path = AnimationPresets.swift; sourceTree = "<group>"; };
		5F9CF625E511C5572490F9B5 /* SubscriptionDetectionService.swift */ = {isa = PBXFileReference; lastKnownFileType = sourcecode.swift; path = SubscriptionDetectionService.swift; sourceTree = "<group>"; };
		64FF0B5BD7B0CFA5EF08B047 /* SettingsView.swift */ = {isa = PBXFileReference; lastKnownFileType = sourcecode.swift; path = SettingsView.swift; sourceTree = "<group>"; };
		660A1E220DF589A2F0FF67BB /* AIFeaturesView.swift */ = {isa = PBXFileReference; lastKnownFileType = sourcecode.swift; path = AIFeaturesView.swift; sourceTree = "<group>"; };
		6A2253C8D6DA5E87198BE6D8 /* AppViewModel.swift */ = {isa = PBXFileReference; lastKnownFileType = sourcecode.swift; path = AppViewModel.swift; sourceTree = "<group>"; };
		705647693161AF20463AFB88 /* RecentActivityList.swift */ = {isa = PBXFileReference; lastKnownFileType = sourcecode.swift; path = RecentActivityList.swift; sourceTree = "<group>"; };
		72DA141825B6B94360388C52 /* Haptics.swift */ = {isa = PBXFileReference; lastKnownFileType = sourcecode.swift; path = Haptics.swift; sourceTree = "<group>"; };
		84F8483B4ED4E38A5DC8A45C /* Constants.swift */ = {isa = PBXFileReference; lastKnownFileType = sourcecode.swift; path = Constants.swift; sourceTree = "<group>"; };
		86D4C0CB2A6CEB315F1D4658 /* View+Extensions.swift */ = {isa = PBXFileReference; lastKnownFileType = sourcecode.swift; path = "View+Extensions.swift"; sourceTree = "<group>"; };
		8B0E796CACE05DCCFA50FABA /* SpendSummary.swift */ = {isa = PBXFileReference; lastKnownFileType = sourcecode.swift; path = SpendSummary.swift; sourceTree = "<group>"; };
		9525386491FBCF3387A90A9D /* CurrencyRateService.swift */ = {isa = PBXFileReference; lastKnownFileType = sourcecode.swift; path = CurrencyRateService.swift; sourceTree = "<group>"; };
		969801203086A048C347267A /* TransactionRow.swift */ = {isa = PBXFileReference; lastKnownFileType = sourcecode.swift; path = TransactionRow.swift; sourceTree = "<group>"; };
		A544CEBC74F8E8928770336D /* en */ = {isa = PBXFileReference; lastKnownFileType = text.plist.strings; name = en; path = en.lproj/InfoPlist.strings; sourceTree = "<group>"; };
		AAE1B455025592EA6EE8BD75 /* AnalysisHistory.swift */ = {isa = PBXFileReference; lastKnownFileType = sourcecode.swift; path = AnalysisHistory.swift; sourceTree = "<group>"; };
		B3257A303134CF2EC5A31062 /* RevenueCatService.swift */ = {isa = PBXFileReference; lastKnownFileType = sourcecode.swift; path = RevenueCatService.swift; sourceTree = "<group>"; };
		B34B265B6D81E9B3E975B224 /* AIClient.swift */ = {isa = PBXFileReference; lastKnownFileType = sourcecode.swift; path = AIClient.swift; sourceTree = "<group>"; };
		B6C9B0FEFCAC4E1FD8664274 /* Theme.swift */ = {isa = PBXFileReference; lastKnownFileType = sourcecode.swift; path = Theme.swift; sourceTree = "<group>"; };
		B6F07EFE6D55F90153664A09 /* BudgetHealthView.swift */ = {isa = PBXFileReference; lastKnownFileType = sourcecode.swift; path = BudgetHealthView.swift; sourceTree = "<group>"; };
		B9177EFC3EEDA7F3366F2BFD /* AddTransactionView.swift */ = {isa = PBXFileReference; lastKnownFileType = sourcecode.swift; path = AddTransactionView.swift; sourceTree = "<group>"; };
		C34E1626DE941F2830A7D3DD /* TopCategoriesList.swift */ = {isa = PBXFileReference; lastKnownFileType = sourcecode.swift; path = TopCategoriesList.swift; sourceTree = "<group>"; };
		C5D3F6D3BB5A5B8902E9F60F /* QuickStatsRow.swift */ = {isa = PBXFileReference; lastKnownFileType = sourcecode.swift; path = QuickStatsRow.swift; sourceTree = "<group>"; };
		C9D38EF4AC5CE644AB876126 /* Date+Extensions.swift */ = {isa = PBXFileReference; lastKnownFileType = sourcecode.swift; path = "Date+Extensions.swift"; sourceTree = "<group>"; };
		CF53E2675A3190D83E98945B /* Goal.swift */ = {isa = PBXFileReference; lastKnownFileType = sourcecode.swift; path = Goal.swift; sourceTree = "<group>"; };
		D6DC89B9C21AECCB94EA0293 /* PrivacyInfo.xcprivacy */ = {isa = PBXFileReference; path = PrivacyInfo.xcprivacy; sourceTree = "<group>"; };
		DA6C6853DD58340422CE87FF /* ja */ = {isa = PBXFileReference; lastKnownFileType = text.plist.strings; name = ja; path = ja.lproj/InfoPlist.strings; sourceTree = "<group>"; };
		E2A80488AAD0F18C9817A0A6 /* DashboardView.swift */ = {isa = PBXFileReference; lastKnownFileType = sourcecode.swift; path = DashboardView.swift; sourceTree = "<group>"; };
		E336EB0BE5D17A713AF9E5D9 /* Budget.swift */ = {isa = PBXFileReference; lastKnownFileType = sourcecode.swift; path = Budget.swift; sourceTree = "<group>"; };
		EA966F318AAE85F5DCC7621C /* Category.swift */ = {isa = PBXFileReference; lastKnownFileType = sourcecode.swift; path = Category.swift; sourceTree = "<group>"; };
		F4758E7FF57525FD56B1BCF9 /* View+Keyboard.swift */ = {isa = PBXFileReference; lastKnownFileType = sourcecode.swift; path = "View+Keyboard.swift"; sourceTree = "<group>"; };
		FBF19627953BC597BA8092BA /* PennyletApp.swift */ = {isa = PBXFileReference; lastKnownFileType = sourcecode.swift; path = PennyletApp.swift; sourceTree = "<group>"; };
		FD66FAFBC4684E9997BFED0B /* CurrencyFormatter.swift */ = {isa = PBXFileReference; lastKnownFileType = sourcecode.swift; path = CurrencyFormatter.swift; sourceTree = "<group>"; };
/* End PBXFileReference section */

/* Begin PBXGroup section */
		06E20653785689B80E5D16AD /* BudgetHealth */ = {
			isa = PBXGroup;
			children = (
				B6F07EFE6D55F90153664A09 /* BudgetHealthView.swift */,
			);
			path = BudgetHealth;
			sourceTree = "<group>";
		};
		0DC46ED601A2587282D0A75D /* Services */ = {
			isa = PBXGroup;
			children = (
				B34B265B6D81E9B3E975B224 /* AIClient.swift */,
				2B2E400CB4C0E9F325588E4E /* CacheService.swift */,
				9525386491FBCF3387A90A9D /* CurrencyRateService.swift */,
				1CC147A204E163652C655235 /* NotificationService.swift */,
				34215650525724D28CE8BBA7 /* ProStatusService.swift */,
				B3257A303134CF2EC5A31062 /* RevenueCatService.swift */,
				519A76F9C474BE6038D2D9D1 /* SpendCalculator.swift */,
				5F9CF625E511C5572490F9B5 /* SubscriptionDetectionService.swift */,
			);
			path = Services;
			sourceTree = "<group>";
		};
		28188C5C2B4DA606BF93CCD6 /* Transactions */ = {
			isa = PBXGroup;
			children = (
				0F4FB5774B005ED3081E903C /* TransactionListView.swift */,
				969801203086A048C347267A /* TransactionRow.swift */,
			);
			path = Transactions;
			sourceTree = "<group>";
		};
		341874DC15D9F67F93B514D2 /* Dashboard */ = {
			isa = PBXGroup;
			children = (
				E2A80488AAD0F18C9817A0A6 /* DashboardView.swift */,
				C5D3F6D3BB5A5B8902E9F60F /* QuickStatsRow.swift */,
				705647693161AF20463AFB88 /* RecentActivityList.swift */,
				3D7FB8D23C647822204D9527 /* SpendHeroCard.swift */,
				C34E1626DE941F2830A7D3DD /* TopCategoriesList.swift */,
			);
			path = Dashboard;
			sourceTree = "<group>";
		};
		36B1D977FC52A2841850DC56 /* Theme */ = {
			isa = PBXGroup;
			children = (
				B6C9B0FEFCAC4E1FD8664274 /* Theme.swift */,
			);
			path = Theme;
			sourceTree = "<group>";
		};
		487E38C15E6D0B57D57284A6 /* Onboarding */ = {
			isa = PBXGroup;
			children = (
				43AC1C285DDC5EE2852FCBF5 /* WelcomeView.swift */,
			);
			path = Onboarding;
			sourceTree = "<group>";
		};
		4C55193FDB988276099D6976 /* AddTransaction */ = {
			isa = PBXGroup;
			children = (
				B9177EFC3EEDA7F3366F2BFD /* AddTransactionView.swift */,
				1F68634165F8A77FBA668FC2 /* ReceiptScannerView.swift */,
			);
			path = AddTransaction;
			sourceTree = "<group>";
		};
		5222C59EBBAB3849AB5BE151 /* Settings */ = {
			isa = PBXGroup;
			children = (
				64FF0B5BD7B0CFA5EF08B047 /* SettingsView.swift */,
			);
			path = Settings;
			sourceTree = "<group>";
		};
		55215B6A4B7AFC5D67CD8592 /* Models */ = {
			isa = PBXGroup;
			children = (
				AAE1B455025592EA6EE8BD75 /* AnalysisHistory.swift */,
				E336EB0BE5D17A713AF9E5D9 /* Budget.swift */,
				EA966F318AAE85F5DCC7621C /* Category.swift */,
				CF53E2675A3190D83E98945B /* Goal.swift */,
				8B0E796CACE05DCCFA50FABA /* SpendSummary.swift */,
				4C49C21114539AB69086B0F9 /* Transaction.swift */,
				4DF1C5F9F7A742851998F703 /* User.swift */,
			);
			path = Models;
			sourceTree = "<group>";
		};
		5EBF9318B2203B0C1F1D32BF /* Extensions */ = {
			isa = PBXGroup;
			children = (
				C9D38EF4AC5CE644AB876126 /* Date+Extensions.swift */,
				86D4C0CB2A6CEB315F1D4658 /* View+Extensions.swift */,
				F4758E7FF57525FD56B1BCF9 /* View+Keyboard.swift */,
			);
			path = Extensions;
			sourceTree = "<group>";
		};
		6726C1DCAB20CF1737485806 /* Sources */ = {
			isa = PBXGroup;
			children = (
				6A2253C8D6DA5E87198BE6D8 /* AppViewModel.swift */,
				586F930A0304A1E1A8498ADC /* Assets.xcassets */,
				FBF19627953BC597BA8092BA /* PennyletApp.swift */,
				D6DC89B9C21AECCB94EA0293 /* PrivacyInfo.xcprivacy */,
				5EBF9318B2203B0C1F1D32BF /* Extensions */,
				6C4C5DBBD8509E4B0921392B /* InfoPlist.strings */,
				55215B6A4B7AFC5D67CD8592 /* Models */,
				0DC46ED601A2587282D0A75D /* Services */,
				36B1D977FC52A2841850DC56 /* Theme */,
				ED339393C5BE23DB7D6B6914 /* Utilities */,
				C7F95A95E967E0E2E681053E /* Views */,
			);
			path = Sources;
			sourceTree = "<group>";
		};
		838C715641DE949CC1FA4209 /* Products */ = {
			isa = PBXGroup;
			children = (
				3C022DD3CB4F01BC7B7393A7 /* Pennylet.app */,
			);
			name = Products;
			sourceTree = "<group>";
		};
		A4DE29D325C3E10050F9408E /* Subscriptions */ = {
			isa = PBXGroup;
			children = (
				0A916B4FC7267F470B396EF5 /* SubscriptionTrackerView.swift */,
			);
			path = Subscriptions;
			sourceTree = "<group>";
		};
		A9833AE7E86425BE78500014 /* AI */ = {
			isa = PBXGroup;
			children = (
				660A1E220DF589A2F0FF67BB /* AIFeaturesView.swift */,
			);
			path = AI;
			sourceTree = "<group>";
		};
		AB34509CD6FA61DBF62418CA = {
			isa = PBXGroup;
			children = (
				6726C1DCAB20CF1737485806 /* Sources */,
				838C715641DE949CC1FA4209 /* Products */,
			);
			sourceTree = "<group>";
		};
		B55175786362D90A36EF4EAE /* Upgrade */ = {
			isa = PBXGroup;
			children = (
				15640B31CEB9BED2587649CC /* UpgradeView.swift */,
			);
			path = Upgrade;
			sourceTree = "<group>";
		};
		C7F95A95E967E0E2E681053E /* Views */ = {
			isa = PBXGroup;
			children = (
				566CF0A5A7FE8D2E1842134B /* ContentView.swift */,
				4C55193FDB988276099D6976 /* AddTransaction */,
				A9833AE7E86425BE78500014 /* AI */,
				06E20653785689B80E5D16AD /* BudgetHealth */,
				341874DC15D9F67F93B514D2 /* Dashboard */,
				D354A33F86D95B3CCC8FA893 /* Goals */,
				487E38C15E6D0B57D57284A6 /* Onboarding */,
				5222C59EBBAB3849AB5BE151 /* Settings */,
				E9B17DED7CE467622FF1149E /* Shared */,
				A4DE29D325C3E10050F9408E /* Subscriptions */,
				28188C5C2B4DA606BF93CCD6 /* Transactions */,
				B55175786362D90A36EF4EAE /* Upgrade */,
			);
			path = Views;
			sourceTree = "<group>";
		};
		D354A33F86D95B3CCC8FA893 /* Goals */ = {
			isa = PBXGroup;
			children = (
				36EBBBD1AC8B7A85E991741B /* GoalsView.swift */,
			);
			path = Goals;
			sourceTree = "<group>";
		};
		E9B17DED7CE467622FF1149E /* Shared */ = {
			isa = PBXGroup;
			children = (
				0E5AA8E7FABAA15D5DB332F1 /* GuestUpgradeModal.swift */,
				0CDE4FAB5D1FCB0B4B8B886C /* SkeletonView.swift */,
			);
			path = Shared;
			sourceTree = "<group>";
		};
		ED339393C5BE23DB7D6B6914 /* Utilities */ = {
			isa = PBXGroup;
			children = (
				5C9EEF2922AD93BA5E58677F /* AnimationPresets.swift */,
				28AFAE30887C45023D20A780 /* AnyCodable.swift */,
				84F8483B4ED4E38A5DC8A45C /* Constants.swift */,
				FD66FAFBC4684E9997BFED0B /* CurrencyFormatter.swift */,
				72DA141825B6B94360388C52 /* Haptics.swift */,
				04F4D9BEC09CE60EC1223EFB /* LocalizationStrings.swift */,
			);
			path = Utilities;
			sourceTree = "<group>";
		};
/* End PBXGroup section */

/* Begin PBXNativeTarget section */
		8A6965309D0307A9E70589D0 /* Pennylet */ = {
			isa = PBXNativeTarget;
			buildConfigurationList = 6A680DAA18B5AFA0803DC41C /* Build configuration list for PBXNativeTarget "Pennylet" */;
			buildPhases = (
				045E51F4CF3B6029A990ACC7 /* SwiftLint */,
				E1FDC3A7788FF881BD70CBB3 /* Sources */,
				9914750D1A3C3F8AD85FA549 /* Resources */,
			);
			buildRules = (
			);
			dependencies = (
			);
			name = Pennylet;
			packageProductDependencies = (
			);
			productName = Pennylet;
			productReference = 3C022DD3CB4F01BC7B7393A7 /* Pennylet.app */;
			productType = "com.apple.product-type.application";
		};
/* End PBXNativeTarget section */

/* Begin PBXProject section */
		519104A2588F2A3A0DEA5A51 /* Project object */ = {
			isa = PBXProject;
			attributes = {
				BuildIndependentTargetsInParallel = YES;
				LastUpgradeCheck = 1600;
				TargetAttributes = {
					8A6965309D0307A9E70589D0 = {
						DevelopmentTeam = 776XFU3GK7;
						ProvisioningStyle = Automatic;
					};
				};
			};
			buildConfigurationList = 49AB897DE0FC6F03285D9867 /* Build configuration list for PBXProject "Pennylet" */;
			developmentRegion = en;
			hasScannedForEncodings = 0;
			knownRegions = (
				Base,
				en,
				ja,
				"zh-Hans",
			);
			mainGroup = AB34509CD6FA61DBF62418CA;
			minimizedProjectReferenceProxies = 1;
			preferredProjectObjectVersion = 77;
			productRefGroup = 838C715641DE949CC1FA4209 /* Products */;
			projectDirPath = "";
			projectRoot = "";
			targets = (
				8A6965309D0307A9E70589D0 /* Pennylet */,
			);
		};
/* End PBXProject section */

/* Begin PBXResourcesBuildPhase section */
		9914750D1A3C3F8AD85FA549 /* Resources */ = {
			isa = PBXResourcesBuildPhase;
			buildActionMask = 2147483647;
			files = (
				C93C47C735FEAC322A8E00BE /* Assets.xcassets in Resources */,
				E9DF96C43A041A89F62D9CFC /* InfoPlist.strings in Resources */,
				2F9162D029730323AABA92BD /* PrivacyInfo.xcprivacy in Resources */,
			);
			runOnlyForDeploymentPostprocessing = 0;
		};
/* End PBXResourcesBuildPhase section */

/* Begin PBXShellScriptBuildPhase section */
		045E51F4CF3B6029A990ACC7 /* SwiftLint */ = {
			isa = PBXShellScriptBuildPhase;
			alwaysOutOfDate = 1;
			buildActionMask = 2147483647;
			files = (
			);
			inputFileListPaths = (
			);
			inputPaths = (
			);
			name = SwiftLint;
			outputFileListPaths = (
			);
			outputPaths = (
			);
			runOnlyForDeploymentPostprocessing = 0;
			shellPath = /bin/sh;
			shellScript = "if which swiftlint > /dev/null; then\n  swiftlint\nfi\n";
		};
/* End PBXShellScriptBuildPhase section */

/* Begin PBXSourcesBuildPhase section */
		E1FDC3A7788FF881BD70CBB3 /* Sources */ = {
			isa = PBXSourcesBuildPhase;
			buildActionMask = 2147483647;
			files = (
				1F61FD5E8B42FBBC771F1B25 /* AIClient.swift in Sources */,
				2F939228A67F29926FC0EC03 /* AIFeaturesView.swift in Sources */,
				D3F117B1211DA95930663CA5 /* AddTransactionView.swift in Sources */,
				A68ED42B426ED835D73C6962 /* AnalysisHistory.swift in Sources */,
				C0A5F8544AD55A0EC14D246B /* AnimationPresets.swift in Sources */,
				FFAE6906F2BCBB33AD0ED806 /* AnyCodable.swift in Sources */,
				70CCE2F9BC117D2C465D8CE0 /* AppViewModel.swift in Sources */,
				983CB5B52733A9A598F552B8 /* Budget.swift in Sources */,
				65531912C6F3624F39173543 /* BudgetHealthView.swift in Sources */,
				BD9B8DA900708455030F2E11 /* CacheService.swift in Sources */,
				AD4DF0E666E996F549A4F8A9 /* Category.swift in Sources */,
				2761EC95D99510AF4EA04125 /* Constants.swift in Sources */,
				363F071608E8597F8A701C09 /* ContentView.swift in Sources */,
				BF500E0803E3983AF9DAE6C1 /* CurrencyFormatter.swift in Sources */,
				27397A0CD17CD3922CFFEFC3 /* CurrencyRateService.swift in Sources */,
				AA37D72313CF5B8E3EBB0BBD /* DashboardView.swift in Sources */,
				38D3E13F6E77C3A423BBF39F /* Date+Extensions.swift in Sources */,
				C098D22F2611719900FBA42D /* Goal.swift in Sources */,
				719111C65F037A85FED05F01 /* GoalsView.swift in Sources */,
				D112193655A8D5B32CE609F5 /* GuestUpgradeModal.swift in Sources */,
				025F53A9C1CCDFD9A1C511A6 /* Haptics.swift in Sources */,
				558E7870939AD54BE8E8A7C1 /* LocalizationStrings.swift in Sources */,
				DF6D897ECC56200FA3960B5F /* NotificationService.swift in Sources */,
				84EC9A3EADFEB7466F7F44CA /* PennyletApp.swift in Sources */,
				6DCBDCCC06FD40E5A728E727 /* ProStatusService.swift in Sources */,
				F9803930BFAAAB6676062D0F /* QuickStatsRow.swift in Sources */,
				F34F65545B0A8D5B563D101B /* ReceiptScannerView.swift in Sources */,
				7BA153A8B9C8CC22D4622981 /* RecentActivityList.swift in Sources */,
				0082A1FF38AA79C1E8336177 /* RevenueCatService.swift in Sources */,
				20237D324A0E5E249EC8A371 /* SettingsView.swift in Sources */,
				DA4F92C1771B53F436DE2D8D /* SkeletonView.swift in Sources */,
				9BABB5A7AC520B898A8BF41F /* SpendCalculator.swift in Sources */,
				B9EA440A0F0A3F790C2B4F4D /* SpendHeroCard.swift in Sources */,
				AA1B9469DE19AC364385676C /* SpendSummary.swift in Sources */,
				503C14CA524A1A9378E0F3FE /* SubscriptionDetectionService.swift in Sources */,
				AFEB1F5EFEEE79FEA54905C8 /* SubscriptionTrackerView.swift in Sources */,
				FADBCE73BC1C6636ED27A7C3 /* Theme.swift in Sources */,
				B492C21F4FD322BEFE20FB71 /* TopCategoriesList.swift in Sources */,
				3147464D202E5BAB22E8B4B8 /* Transaction.swift in Sources */,
				555863FA7B9EA6FEEFB5FA12 /* TransactionListView.swift in Sources */,
				697D4FFDF1D5FE279091FFA3 /* TransactionRow.swift in Sources */,
				0055BBA2D822524FEE307619 /* UpgradeView.swift in Sources */,
				487E9CD67969CC8179B2EDCB /* User.swift in Sources */,
				92E34A979A482432C71D055E /* View+Extensions.swift in Sources */,
				7AC278F62DE42EF4E6C1A251 /* View+Keyboard.swift in Sources */,
				9E6B619D3BC0E0668F038753 /* WelcomeView.swift in Sources */,
			);
			runOnlyForDeploymentPostprocessing = 0;
		};
/* End PBXSourcesBuildPhase section */

/* Begin PBXVariantGroup section */
		6C4C5DBBD8509E4B0921392B /* InfoPlist.strings */ = {
			isa = PBXVariantGroup;
			children = (
				A544CEBC74F8E8928770336D /* en */,
				DA6C6853DD58340422CE87FF /* ja */,
				19D75FD6BCAE8E48EF4DFEA7 /* zh-Hans */,
			);
			name = InfoPlist.strings;
			sourceTree = "<group>";
		};
/* End PBXVariantGroup section */

/* Begin XCBuildConfiguration section */
		918BCDB45BE409770E4C7077 /* Release */ = {
			isa = XCBuildConfiguration;
			buildSettings = {
				ASSETCATALOG_COMPILER_APPICON_NAME = AppIcon;
				CODE_SIGN_ENTITLEMENTS = Pennylet.entitlements;
				CODE_SIGN_IDENTITY = "iPhone Developer";
				"CODE_SIGN_IDENTITY[sdk=iphonesimulator*]" = "";
				CODE_SIGN_STYLE = Automatic;
				DEVELOPMENT_TEAM = 776XFU3GK7;
				INFOPLIST_KEY_CFBundleDisplayName = PennyLet;
				INFOPLIST_KEY_ITSAppUsesNonExemptEncryption = NO;
				LD_RUNPATH_SEARCH_PATHS = (
					"$(inherited)",
					"@executable_path/Frameworks",
				);
				PRODUCT_BUNDLE_IDENTIFIER = com.clearspend.tomorin.app;
				SDKROOT = iphoneos;
				TARGETED_DEVICE_FAMILY = "1,2";
			};
			name = Release;
		};
		9EB25D2581A13510653C88FB /* Release */ = {
			isa = XCBuildConfiguration;
			buildSettings = {
				ALWAYS_SEARCH_USER_PATHS = NO;
				CLANG_ANALYZER_NONNULL = YES;
				CLANG_ANALYZER_NUMBER_OBJECT_CONVERSION = YES_AGGRESSIVE;
				CLANG_CXX_LANGUAGE_STANDARD = "gnu++14";
				CLANG_CXX_LIBRARY = "libc++";
				CLANG_ENABLE_MODULES = YES;
				CLANG_ENABLE_OBJC_ARC = YES;
				CLANG_ENABLE_OBJC_WEAK = YES;
				CLANG_WARN_BLOCK_CAPTURE_AUTORELEASING = YES;
				CLANG_WARN_BOOL_CONVERSION = YES;
				CLANG_WARN_COMMA = YES;
				CLANG_WARN_CONSTANT_CONVERSION = YES;
				CLANG_WARN_DEPRECATED_OBJC_IMPLEMENTATIONS = YES;
				CLANG_WARN_DIRECT_OBJC_ISA_USAGE = YES_ERROR;
				CLANG_WARN_DOCUMENTATION_COMMENTS = YES;
				CLANG_WARN_EMPTY_BODY = YES;
				CLANG_WARN_ENUM_CONVERSION = YES;
				CLANG_WARN_INFINITE_RECURSION = YES;
				CLANG_WARN_INT_CONVERSION = YES;
				CLANG_WARN_NON_LITERAL_NULL_CONVERSION = YES;
				CLANG_WARN_OBJC_IMPLICIT_RETAIN_SELF = YES;
				CLANG_WARN_OBJC_LITERAL_CONVERSION = YES;
				CLANG_WARN_OBJC_ROOT_CLASS = YES_ERROR;
				CLANG_WARN_QUOTED_INCLUDE_IN_FRAMEWORK_HEADER = YES;
				CLANG_WARN_RANGE_LOOP_ANALYSIS = YES;
				CLANG_WARN_STRICT_PROTOTYPES = YES;
				CLANG_WARN_SUSPICIOUS_MOVE = YES;
				CLANG_WARN_UNGUARDED_AVAILABILITY = YES_AGGRESSIVE;
				CLANG_WARN_UNREACHABLE_CODE = YES;
				CLANG_WARN__DUPLICATE_METHOD_MATCH = YES;
				COPY_PHASE_STRIP = NO;
				CURRENT_PROJECT_VERSION = 3;
				DEBUG_INFORMATION_FORMAT = "dwarf-with-dsym";
				ENABLE_NS_ASSERTIONS = NO;
				ENABLE_STRICT_OBJC_MSGSEND = YES;
				GCC_C_LANGUAGE_STANDARD = gnu11;
				GCC_NO_COMMON_BLOCKS = YES;
				GCC_WARN_64_TO_32_BIT_CONVERSION = YES;
				GCC_WARN_ABOUT_RETURN_TYPE = YES_ERROR;
				GCC_WARN_UNDECLARED_SELECTOR = YES;
				GCC_WARN_UNINITIALIZED_AUTOS = YES_AGGRESSIVE;
				GCC_WARN_UNUSED_FUNCTION = YES;
				GCC_WARN_UNUSED_VARIABLE = YES;
				GENERATE_INFOPLIST_FILE = YES;
				INFOPLIST_KEY_CFBundleURLTypes = "[[\"CFBundleURLSchemes\": [\"pennylet\"]]]";
				INFOPLIST_KEY_NSCameraUsageDescription = "PennyLet uses your camera to scan receipts";
				INFOPLIST_KEY_UIApplicationSceneManifest_Generation = YES;
				INFOPLIST_KEY_UIApplicationSupportsIndirectInputEvents = YES;
				INFOPLIST_KEY_UILaunchScreen_Generation = YES;
				INFOPLIST_KEY_UISupportedInterfaceOrientations_iPad = "UIInterfaceOrientationPortrait UIInterfaceOrientationPortraitUpsideDown UIInterfaceOrientationLandscapeLeft UIInterfaceOrientationLandscapeRight";
				INFOPLIST_KEY_UISupportedInterfaceOrientations_iPhone = UIInterfaceOrientationPortrait;
				IPHONEOS_DEPLOYMENT_TARGET = 18.0;
				MARKETING_VERSION = 4.0;
				MTL_ENABLE_DEBUG_INFO = NO;
				MTL_FAST_MATH = YES;
				PRODUCT_NAME = "$(TARGET_NAME)";
				SDKROOT = iphoneos;
				SWIFT_COMPILATION_MODE = wholemodule;
				SWIFT_OPTIMIZATION_LEVEL = "-O";
				SWIFT_VERSION = 6.0;
				TARGETED_DEVICE_FAMILY = 1;
			};
			name = Release;
		};
		B4ECA093C06C4CAC10C98786 /* Debug */ = {
			isa = XCBuildConfiguration;
			buildSettings = {
				ALWAYS_SEARCH_USER_PATHS = NO;
				CLANG_ANALYZER_NONNULL = YES;
				CLANG_ANALYZER_NUMBER_OBJECT_CONVERSION = YES_AGGRESSIVE;
				CLANG_CXX_LANGUAGE_STANDARD = "gnu++14";
				CLANG_CXX_LIBRARY = "libc++";
				CLANG_ENABLE_MODULES = YES;
				CLANG_ENABLE_OBJC_ARC = YES;
				CLANG_ENABLE_OBJC_WEAK = YES;
				CLANG_WARN_BLOCK_CAPTURE_AUTORELEASING = YES;
				CLANG_WARN_BOOL_CONVERSION = YES;
				CLANG_WARN_COMMA = YES;
				CLANG_WARN_CONSTANT_CONVERSION = YES;
				CLANG_WARN_DEPRECATED_OBJC_IMPLEMENTATIONS = YES;
				CLANG_WARN_DIRECT_OBJC_ISA_USAGE = YES_ERROR;
				CLANG_WARN_DOCUMENTATION_COMMENTS = YES;
				CLANG_WARN_EMPTY_BODY = YES;
				CLANG_WARN_ENUM_CONVERSION = YES;
				CLANG_WARN_INFINITE_RECURSION = YES;
				CLANG_WARN_INT_CONVERSION = YES;
				CLANG_WARN_NON_LITERAL_NULL_CONVERSION = YES;
				CLANG_WARN_OBJC_IMPLICIT_RETAIN_SELF = YES;
				CLANG_WARN_OBJC_LITERAL_CONVERSION = YES;
				CLANG_WARN_OBJC_ROOT_CLASS = YES_ERROR;
				CLANG_WARN_QUOTED_INCLUDE_IN_FRAMEWORK_HEADER = YES;
				CLANG_WARN_RANGE_LOOP_ANALYSIS = YES;
				CLANG_WARN_STRICT_PROTOTYPES = YES;
				CLANG_WARN_SUSPICIOUS_MOVE = YES;
				CLANG_WARN_UNGUARDED_AVAILABILITY = YES_AGGRESSIVE;
				CLANG_WARN_UNREACHABLE_CODE = YES;
				CLANG_WARN__DUPLICATE_METHOD_MATCH = YES;
				COPY_PHASE_STRIP = NO;
				CURRENT_PROJECT_VERSION = 3;
				DEBUG_INFORMATION_FORMAT = dwarf;
				ENABLE_STRICT_OBJC_MSGSEND = YES;
				ENABLE_TESTABILITY = YES;
				GCC_C_LANGUAGE_STANDARD = gnu11;
				GCC_DYNAMIC_NO_PIC = NO;
				GCC_NO_COMMON_BLOCKS = YES;
				GCC_OPTIMIZATION_LEVEL = 0;
				GCC_PREPROCESSOR_DEFINITIONS = (
					"$(inherited)",
					"DEBUG=1",
				);
				GCC_WARN_64_TO_32_BIT_CONVERSION = YES;
				GCC_WARN_ABOUT_RETURN_TYPE = YES_ERROR;
				GCC_WARN_UNDECLARED_SELECTOR = YES;
				GCC_WARN_UNINITIALIZED_AUTOS = YES_AGGRESSIVE;
				GCC_WARN_UNUSED_FUNCTION = YES;
				GCC_WARN_UNUSED_VARIABLE = YES;
				GENERATE_INFOPLIST_FILE = YES;
				INFOPLIST_KEY_CFBundleURLTypes = "[[\"CFBundleURLSchemes\": [\"pennylet\"]]]";
				INFOPLIST_KEY_NSCameraUsageDescription = "PennyLet uses your camera to scan receipts";
				INFOPLIST_KEY_UIApplicationSceneManifest_Generation = YES;
				INFOPLIST_KEY_UIApplicationSupportsIndirectInputEvents = YES;
				INFOPLIST_KEY_UILaunchScreen_Generation = YES;
				INFOPLIST_KEY_UISupportedInterfaceOrientations_iPad = "UIInterfaceOrientationPortrait UIInterfaceOrientationPortraitUpsideDown UIInterfaceOrientationLandscapeLeft UIInterfaceOrientationLandscapeRight";
				INFOPLIST_KEY_UISupportedInterfaceOrientations_iPhone = UIInterfaceOrientationPortrait;
				IPHONEOS_DEPLOYMENT_TARGET = 18.0;
				MARKETING_VERSION = 4.0;
				MTL_ENABLE_DEBUG_INFO = INCLUDE_SOURCE;
				MTL_FAST_MATH = YES;
				ONLY_ACTIVE_ARCH = YES;
				PRODUCT_NAME = "$(TARGET_NAME)";
				SDKROOT = iphoneos;
				SWIFT_ACTIVE_COMPILATION_CONDITIONS = DEBUG;
				SWIFT_OPTIMIZATION_LEVEL = "-Onone";
				SWIFT_VERSION = 6.0;
				TARGETED_DEVICE_FAMILY = 1;
			};
			name = Debug;
		};
		E8EAD4489ADA281BE8A63EC3 /* Debug */ = {
			isa = XCBuildConfiguration;
			buildSettings = {
				ASSETCATALOG_COMPILER_APPICON_NAME = AppIcon;
				CODE_SIGN_ENTITLEMENTS = Pennylet.entitlements;
				CODE_SIGN_IDENTITY = "iPhone Developer";
				"CODE_SIGN_IDENTITY[sdk=iphonesimulator*]" = "";
				CODE_SIGN_STYLE = Automatic;
				DEVELOPMENT_TEAM = 776XFU3GK7;
				INFOPLIST_KEY_CFBundleDisplayName = PennyLet;
				INFOPLIST_KEY_ITSAppUsesNonExemptEncryption = NO;
				LD_RUNPATH_SEARCH_PATHS = (
					"$(inherited)",
					"@executable_path/Frameworks",
				);
				PRODUCT_BUNDLE_IDENTIFIER = com.clearspend.tomorin.app;
				SDKROOT = iphoneos;
				TARGETED_DEVICE_FAMILY = "1,2";
			};
			name = Debug;
		};
/* End XCBuildConfiguration section */

/* Begin XCConfigurationList section */
		49AB897DE0FC6F03285D9867 /* Build configuration list for PBXProject "Pennylet" */ = {
			isa = XCConfigurationList;
			buildConfigurations = (
				B4ECA093C06C4CAC10C98786 /* Debug */,
				9EB25D2581A13510653C88FB /* Release */,
			);
			defaultConfigurationIsVisible = 0;
			defaultConfigurationName = Debug;
		};
		6A680DAA18B5AFA0803DC41C /* Build configuration list for PBXNativeTarget "Pennylet" */ = {
			isa = XCConfigurationList;
			buildConfigurations = (
				E8EAD4489ADA281BE8A63EC3 /* Debug */,
				918BCDB45BE409770E4C7077 /* Release */,
			);
			defaultConfigurationIsVisible = 0;
			defaultConfigurationName = Debug;
		};
/* End XCConfigurationList section */
	};
	rootObject = 519104A2588F2A3A0DEA5A51 /* Project object */;
}
